<?xml version="1.0" encoding="utf-8"?>
<Project ToolsVersion="4.0" xmlns="http://schemas.microsoft.com/developer/msbuild/2003">
  <ItemGroup>
    <ClInclude Include="..\..\UnlimRealms\UnlimRealms.h" />
    <ClInclude Include="..\..\UnlimRealms\Core\BaseTypes.h">
      <Filter>Core</Filter>
    </ClInclude>
    <ClInclude Include="..\..\UnlimRealms\Core\Math.h">
      <Filter>Core</Filter>
    </ClInclude>
    <ClInclude Include="..\..\UnlimRealms\Common.h" />
    <ClInclude Include="..\..\UnlimRealms\Gfx\GfxSystem.h">
      <Filter>Gfx</Filter>
    </ClInclude>
    <ClInclude Include="..\..\UnlimRealms\Gfx\GfxSystem.inline.h">
      <Filter>Gfx</Filter>
    </ClInclude>
    <ClInclude Include="..\..\UnlimRealms\Sys\Windows\WinCanvas.h">
      <Filter>Sys\Windows</Filter>
    </ClInclude>
    <ClInclude Include="..\..\UnlimRealms\Core\Core.h">
      <Filter>Core</Filter>
    </ClInclude>
    <ClInclude Include="..\..\UnlimRealms\Sys\Canvas.h">
      <Filter>Sys</Filter>
    </ClInclude>
    <ClInclude Include="..\..\UnlimRealms\Sys\Canvas.inline.h">
      <Filter>Sys</Filter>
    </ClInclude>
    <ClInclude Include="..\..\UnlimRealms\Realm\Realm.h">
      <Filter>Realm</Filter>
    </ClInclude>
    <ClInclude Include="..\..\UnlimRealms\Realm\Realm.inline.h">
      <Filter>Realm</Filter>
    </ClInclude>
    <ClInclude Include="..\..\UnlimRealms\Sys\Windows\WinCanvas.inline.h">
      <Filter>Sys\Windows</Filter>
    </ClInclude>
    <ClInclude Include="..\..\UnlimRealms\Gfx\D3D11\GfxSystemD3D11.h">
      <Filter>Gfx\D3D11</Filter>
    </ClInclude>
    <ClInclude Include="..\..\UnlimRealms\Gfx\GfxTypes.h">
      <Filter>Gfx</Filter>
    </ClInclude>
    <ClInclude Include="..\..\UnlimRealms\Gfx\D3D11\GfxSystemD3D11.inline.h">
      <Filter>Gfx\D3D11</Filter>
    </ClInclude>
    <ClInclude Include="..\..\UnlimRealms\Sys\Storage.h">
      <Filter>Sys</Filter>
    </ClInclude>
    <ClInclude Include="..\..\UnlimRealms\Sys\Std\StdStorage.h">
      <Filter>Sys\Std</Filter>
    </ClInclude>
    <ClInclude Include="..\..\UnlimRealms\Core\ResultTypes.h">
      <Filter>Core</Filter>
    </ClInclude>
    <ClInclude Include="..\..\UnlimRealms\Sys\Log.h">
      <Filter>Sys</Filter>
    </ClInclude>
    <ClInclude Include="..\..\UnlimRealms\Sys\Storage.inline.h">
      <Filter>Sys</Filter>
    </ClInclude>
    <ClInclude Include="..\..\UnlimRealms\ImguiRender\ImguiRender.h">
      <Filter>ImguiRender</Filter>
    </ClInclude>
    <ClInclude Include="..\..\UnlimRealms\Sys\Input.h">
      <Filter>Sys</Filter>
    </ClInclude>
    <ClInclude Include="..\..\UnlimRealms\Sys\Windows\WinInput.h">
      <Filter>Sys\Windows</Filter>
    </ClInclude>
    <ClInclude Include="..\..\UnlimRealms\Sys\Input.inline.h">
      <Filter>Sys</Filter>
    </ClInclude>
    <ClInclude Include="..\..\UnlimRealms\GenericRender\GenericRender.h">
      <Filter>GenericRender</Filter>
    </ClInclude>
    <ClInclude Include="..\..\UnlimRealms\Camera\Camera.h">
      <Filter>Camera</Filter>
    </ClInclude>
    <ClInclude Include="..\..\UnlimRealms\Camera\Camera.inline.h">
      <Filter>Camera</Filter>
    </ClInclude>
    <ClInclude Include="..\..\UnlimRealms\Camera\CameraControl.h">
      <Filter>Camera</Filter>
    </ClInclude>
    <ClInclude Include="..\..\UnlimRealms\Camera\CameraControl.inline.h">
      <Filter>Camera</Filter>
    </ClInclude>
    <ClInclude Include="..\..\UnlimRealms\Core\Algorithms.h">
      <Filter>Core</Filter>
    </ClInclude>
    <ClInclude Include="..\..\UnlimRealms\Core\Algorithms.inline.h">
      <Filter>Core</Filter>
    </ClInclude>
    <ClInclude Include="..\..\UnlimRealms\Isosurface\Isosurface.h">
      <Filter>Isosurface</Filter>
    </ClInclude>
    <ClInclude Include="..\..\UnlimRealms\Core\Composite.h">
      <Filter>Core</Filter>
    </ClInclude>
    <ClInclude Include="..\..\UnlimRealms\Core\Composite.inline.h">
      <Filter>Core</Filter>
    </ClInclude>
    <ClInclude Include="..\..\UnlimRealms\Sys\JobSystem.h">
      <Filter>Sys</Filter>
    </ClInclude>
    <ClInclude Include="..\..\UnlimRealms\Sys\JobSystem.inline.h">
      <Filter>Sys</Filter>
    </ClInclude>
    <ClInclude Include="..\..\UnlimRealms\Sys\Std\StdJobSystem.h">
      <Filter>Sys\Std</Filter>
    </ClInclude>
    <ClInclude Include="..\..\UnlimRealms\Atmosphere\Atmosphere.h">
      <Filter>Atmosphere</Filter>
    </ClInclude>
    <ClInclude Include="..\..\UnlimRealms\Resources\Resources.h">
      <Filter>Resources</Filter>
    </ClInclude>
    <ClInclude Include="..\..\UnlimRealms\Multiverse\Multiverse.h">
      <Filter>Multiverse</Filter>
    </ClInclude>
    <ClInclude Include="..\..\UnlimRealms\HDRRender\HDRRender.h">
      <Filter>HDRRender</Filter>
    </ClInclude>
    <ClInclude Include="..\..\UnlimRealms\RenderGraph\RenderGraph.h">
      <Filter>RenderGraph</Filter>
    </ClInclude>
    <ClInclude Include="..\..\3rdParty\ResIL\include\IL\config.h">
      <Filter>3rdParty\ResIL\include\IL</Filter>
    </ClInclude>
    <ClInclude Include="..\..\3rdParty\ResIL\include\IL\devil_cpp_wrapper.hpp">
      <Filter>3rdParty\ResIL\include\IL</Filter>
    </ClInclude>
    <ClInclude Include="..\..\3rdParty\ResIL\include\IL\devil_internal_exports.h">
      <Filter>3rdParty\ResIL\include\IL</Filter>
    </ClInclude>
    <ClInclude Include="..\..\3rdParty\ResIL\include\IL\il.h">
      <Filter>3rdParty\ResIL\include\IL</Filter>
    </ClInclude>
    <ClInclude Include="..\..\3rdParty\ResIL\include\IL\il_constants.h">
      <Filter>3rdParty\ResIL\include\IL</Filter>
    </ClInclude>
    <ClInclude Include="..\..\3rdParty\ResIL\include\IL\il_palette.h">
      <Filter>3rdParty\ResIL\include\IL</Filter>
    </ClInclude>
    <ClInclude Include="..\..\3rdParty\ResIL\include\IL\il2.h">
      <Filter>3rdParty\ResIL\include\IL</Filter>
    </ClInclude>
    <ClInclude Include="..\..\3rdParty\ResIL\include\IL\ilu.h">
      <Filter>3rdParty\ResIL\include\IL</Filter>
    </ClInclude>
    <ClInclude Include="..\..\3rdParty\ResIL\include\IL\ilu_region.h">
      <Filter>3rdParty\ResIL\include\IL</Filter>
    </ClInclude>
    <ClInclude Include="..\..\3rdParty\ResIL\include\IL\ilu2.h">
      <Filter>3rdParty\ResIL\include\IL</Filter>
    </ClInclude>
    <ClInclude Include="..\..\3rdParty\ResIL\include\IL\ilut.h">
      <Filter>3rdParty\ResIL\include\IL</Filter>
    </ClInclude>
    <ClInclude Include="..\..\3rdParty\ResIL\include\IL\ilut_config.h">
      <Filter>3rdParty\ResIL\include\IL</Filter>
    </ClInclude>
    <ClInclude Include="..\..\3rdParty\ResIL\src-IL\altivec_common.h">
      <Filter>3rdParty\ResIL\src-IL</Filter>
    </ClInclude>
    <ClInclude Include="..\..\3rdParty\ResIL\src-IL\altivec_typeconversion.h">
      <Filter>3rdParty\ResIL\src-IL</Filter>
    </ClInclude>
    <ClInclude Include="..\..\3rdParty\ResIL\src-IL\il_alloc.h">
      <Filter>3rdParty\ResIL\src-IL</Filter>
    </ClInclude>
    <ClInclude Include="..\..\3rdParty\ResIL\src-IL\il_bits.h">
      <Filter>3rdParty\ResIL\src-IL</Filter>
    </ClInclude>
    <ClInclude Include="..\..\3rdParty\ResIL\src-IL\il_bmp.h">
      <Filter>3rdParty\ResIL\src-IL</Filter>
    </ClInclude>
    <ClInclude Include="..\..\3rdParty\ResIL\src-IL\il_dds.h">
      <Filter>3rdParty\ResIL\src-IL</Filter>
    </ClInclude>
    <ClInclude Include="..\..\3rdParty\ResIL\src-IL\il_doompal.h">
      <Filter>3rdParty\ResIL\src-IL</Filter>
    </ClInclude>
    <ClInclude Include="..\..\3rdParty\ResIL\src-IL\il_dpx.h">
      <Filter>3rdParty\ResIL\src-IL</Filter>
    </ClInclude>
    <ClInclude Include="..\..\3rdParty\ResIL\src-IL\il_endian.h">
      <Filter>3rdParty\ResIL\src-IL</Filter>
    </ClInclude>
    <ClInclude Include="..\..\3rdParty\ResIL\src-IL\il_exr.h">
      <Filter>3rdParty\ResIL\src-IL</Filter>
    </ClInclude>
    <ClInclude Include="..\..\3rdParty\ResIL\src-IL\il_files.h">
      <Filter>3rdParty\ResIL\src-IL</Filter>
    </ClInclude>
    <ClInclude Include="..\..\3rdParty\ResIL\src-IL\il_gif.h">
      <Filter>3rdParty\ResIL\src-IL</Filter>
    </ClInclude>
    <ClInclude Include="..\..\3rdParty\ResIL\src-IL\il_hdr.h">
      <Filter>3rdParty\ResIL\src-IL</Filter>
    </ClInclude>
    <ClInclude Include="..\..\3rdParty\ResIL\src-IL\il_icns.h">
      <Filter>3rdParty\ResIL\src-IL</Filter>
    </ClInclude>
    <ClInclude Include="..\..\3rdParty\ResIL\src-IL\il_icon.h">
      <Filter>3rdParty\ResIL\src-IL</Filter>
    </ClInclude>
    <ClInclude Include="..\..\3rdParty\ResIL\src-IL\il_internal.h">
      <Filter>3rdParty\ResIL\src-IL</Filter>
    </ClInclude>
    <ClInclude Include="..\..\3rdParty\ResIL\src-IL\il_jpeg.h">
      <Filter>3rdParty\ResIL\src-IL</Filter>
    </ClInclude>
    <ClInclude Include="..\..\3rdParty\ResIL\src-IL\il_manip.h">
      <Filter>3rdParty\ResIL\src-IL</Filter>
    </ClInclude>
    <ClInclude Include="..\..\3rdParty\ResIL\src-IL\il_mdl.h">
      <Filter>3rdParty\ResIL\src-IL</Filter>
    </ClInclude>
    <ClInclude Include="..\..\3rdParty\ResIL\src-IL\il_pal.h">
      <Filter>3rdParty\ResIL\src-IL</Filter>
    </ClInclude>
    <ClInclude Include="..\..\3rdParty\ResIL\src-IL\il_pcx.h">
      <Filter>3rdParty\ResIL\src-IL</Filter>
    </ClInclude>
    <ClInclude Include="..\..\3rdParty\ResIL\src-IL\il_pic.h">
      <Filter>3rdParty\ResIL\src-IL</Filter>
    </ClInclude>
    <ClInclude Include="..\..\3rdParty\ResIL\src-IL\il_pnm.h">
      <Filter>3rdParty\ResIL\src-IL</Filter>
    </ClInclude>
    <ClInclude Include="..\..\3rdParty\ResIL\src-IL\il_psd.h">
      <Filter>3rdParty\ResIL\src-IL</Filter>
    </ClInclude>
    <ClInclude Include="..\..\3rdParty\ResIL\src-IL\il_psp.h">
      <Filter>3rdParty\ResIL\src-IL</Filter>
    </ClInclude>
    <ClInclude Include="..\..\3rdParty\ResIL\src-IL\il_q2pal.h">
      <Filter>3rdParty\ResIL\src-IL</Filter>
    </ClInclude>
    <ClInclude Include="..\..\3rdParty\ResIL\src-IL\il_register.h">
      <Filter>3rdParty\ResIL\src-IL</Filter>
    </ClInclude>
    <ClInclude Include="..\..\3rdParty\ResIL\src-IL\il_rle.h">
      <Filter>3rdParty\ResIL\src-IL</Filter>
    </ClInclude>
    <ClInclude Include="..\..\3rdParty\ResIL\src-IL\il_sgi.h">
      <Filter>3rdParty\ResIL\src-IL</Filter>
    </ClInclude>
    <ClInclude Include="..\..\3rdParty\ResIL\src-IL\il_stack.h">
      <Filter>3rdParty\ResIL\src-IL</Filter>
    </ClInclude>
    <ClInclude Include="..\..\3rdParty\ResIL\src-IL\il_states.h">
      <Filter>3rdParty\ResIL\src-IL</Filter>
    </ClInclude>
    <ClInclude Include="..\..\3rdParty\ResIL\src-IL\il_targa.h">
      <Filter>3rdParty\ResIL\src-IL</Filter>
    </ClInclude>
    <ClInclude Include="..\..\3rdParty\ResIL\src-IL\il_utx.h">
      <Filter>3rdParty\ResIL\src-IL</Filter>
    </ClInclude>
    <ClInclude Include="..\..\3rdParty\ResIL\src-IL\il_vtf.h">
      <Filter>3rdParty\ResIL\src-IL</Filter>
    </ClInclude>
    <ClInclude Include="..\..\3rdParty\ResIL\src-IL\il_wdp.h">
      <Filter>3rdParty\ResIL\src-IL</Filter>
    </ClInclude>
    <ClInclude Include="..\..\UnlimRealms\Terrain\Terrain.h">
      <Filter>Terrain</Filter>
    </ClInclude>
    <ClInclude Include="..\..\UnlimRealms\Gfx\D3D12\GfxSystemD3D12.h">
      <Filter>Gfx\D3D12</Filter>
    </ClInclude>
    <ClInclude Include="..\..\UnlimRealms\Gfx\D3D12\GfxSystemD3D12.inline.h">
      <Filter>Gfx\D3D12</Filter>
    </ClInclude>
    <ClInclude Include="..\..\UnlimRealms\Sys\Windows\WinUtils.h">
      <Filter>Sys\Windows</Filter>
    </ClInclude>
    <ClInclude Include="..\..\UnlimRealms\Gfx\DXGIUtils\DXGIUtils.h">
      <Filter>Gfx\DXGIUtils</Filter>
    </ClInclude>
    <ClInclude Include="..\..\UnlimRealms\Core\Memory.h">
      <Filter>Core</Filter>
    </ClInclude>
    <ClInclude Include="..\..\UnlimRealms\Graf\GrafSystem.h">
      <Filter>Graf</Filter>
    </ClInclude>
    <ClInclude Include="..\..\UnlimRealms\Graf\GrafSystem.inline.h">
      <Filter>Graf</Filter>
    </ClInclude>
    <ClInclude Include="..\..\UnlimRealms\Graf\Vulkan\GrafSystemVulkan.h">
      <Filter>Graf\Vulkan</Filter>
    </ClInclude>
    <ClInclude Include="..\..\UnlimRealms\Graf\Vulkan\GrafSystemVulkan.inline.h">
      <Filter>Graf\Vulkan</Filter>
    </ClInclude>
    <ClInclude Include="..\..\UnlimRealms\Graf\GrafRenderer.h">
      <Filter>Graf</Filter>
    </ClInclude>
    <ClInclude Include="..\..\UnlimRealms\Graf\GrafRenderer.inline.h">
      <Filter>Graf</Filter>
    </ClInclude>
    <ClInclude Include="..\..\3rdParty\VulkanMemoryAllocator\vk_mem_alloc.h">
      <Filter>3rdParty\VulkanMemoryAllocator</Filter>
    </ClInclude>
    <ClInclude Include="..\..\UnlimRealms\ShaderLib\LightingCommon.h">
      <Filter>ShaderLib</Filter>
    </ClInclude>
    <ClInclude Include="..\..\3rdParty\TinyObjLoader\tiny_obj_loader.h">
      <Filter>3rdParty\TinyObjLoader</Filter>
    </ClInclude>
    <ClInclude Include="..\..\UnlimRealms\Graf\DX12\GrafSystemDX12.h">
      <Filter>Graf\DX12</Filter>
    </ClInclude>
    <ClInclude Include="..\..\UnlimRealms\Graf\DX12\GrafSystemDX12.inline.h">
      <Filter>Graf\DX12</Filter>
    </ClInclude>
    <ClInclude Include="..\..\UnlimRealms\Atmosphere\AtmosphereCommon.h">
      <Filter>Atmosphere</Filter>
    </ClInclude>
    <ClInclude Include="..\..\3rdParty\imgui\imconfig.h">
      <Filter>3rdParty\Imgui</Filter>
    </ClInclude>
    <ClInclude Include="..\..\3rdParty\imgui\imgui.h">
      <Filter>3rdParty\Imgui</Filter>
    </ClInclude>
    <ClInclude Include="..\..\3rdParty\imgui\imgui_internal.h">
      <Filter>3rdParty\Imgui</Filter>
    </ClInclude>
    <ClInclude Include="..\..\3rdParty\imgui\imstb_rectpack.h">
      <Filter>3rdParty\Imgui</Filter>
    </ClInclude>
    <ClInclude Include="..\..\3rdParty\imgui\imstb_textedit.h">
      <Filter>3rdParty\Imgui</Filter>
    </ClInclude>
    <ClInclude Include="..\..\3rdParty\imgui\imstb_truetype.h">
      <Filter>3rdParty\Imgui</Filter>
    </ClInclude>
  </ItemGroup>
  <ItemGroup>
    <ClCompile Include="..\..\UnlimRealms\Core\Math.cpp">
      <Filter>Core</Filter>
    </ClCompile>
    <ClCompile Include="..\..\UnlimRealms\Gfx\GfxSystem.cpp">
      <Filter>Gfx</Filter>
    </ClCompile>
    <ClCompile Include="..\..\UnlimRealms\Sys\Windows\WinCanvas.cpp">
      <Filter>Sys\Windows</Filter>
    </ClCompile>
    <ClCompile Include="..\..\UnlimRealms\Sys\Canvas.cpp">
      <Filter>Sys</Filter>
    </ClCompile>
    <ClCompile Include="..\..\UnlimRealms\Realm\Realm.cpp">
      <Filter>Realm</Filter>
    </ClCompile>
    <ClCompile Include="..\..\UnlimRealms\Gfx\D3D11\GfxSystemD3D11.cpp">
      <Filter>Gfx\D3D11</Filter>
    </ClCompile>
    <ClCompile Include="..\..\UnlimRealms\Gfx\GfxTypes.cpp">
      <Filter>Gfx</Filter>
    </ClCompile>
    <ClCompile Include="..\..\UnlimRealms\Sys\Storage.cpp">
      <Filter>Sys</Filter>
    </ClCompile>
    <ClCompile Include="..\..\UnlimRealms\Sys\Std\StdStorage.cpp">
      <Filter>Sys\Std</Filter>
    </ClCompile>
    <ClCompile Include="..\..\UnlimRealms\Core\ResultTypes.cpp">
      <Filter>Core</Filter>
    </ClCompile>
    <ClCompile Include="..\..\UnlimRealms\Sys\Log.cpp">
      <Filter>Sys</Filter>
    </ClCompile>
    <ClCompile Include="..\..\UnlimRealms\ImguiRender\ImguiRender.cpp">
      <Filter>ImguiRender</Filter>
    </ClCompile>
    <ClCompile Include="..\..\UnlimRealms\Sys\Input.cpp">
      <Filter>Sys</Filter>
    </ClCompile>
    <ClCompile Include="..\..\UnlimRealms\Sys\Windows\WinInput.cpp">
      <Filter>Sys\Windows</Filter>
    </ClCompile>
    <ClCompile Include="..\..\UnlimRealms\GenericRender\GenericRender.cpp">
      <Filter>GenericRender</Filter>
    </ClCompile>
    <ClCompile Include="..\..\UnlimRealms\Camera\Camera.cpp">
      <Filter>Camera</Filter>
    </ClCompile>
    <ClCompile Include="..\..\UnlimRealms\Camera\CameraControl.cpp">
      <Filter>Camera</Filter>
    </ClCompile>
    <ClCompile Include="..\..\UnlimRealms\Core\Algorithms.cpp">
      <Filter>Core</Filter>
    </ClCompile>
    <ClCompile Include="..\..\UnlimRealms\Isosurface\Isosurface.cpp">
      <Filter>Isosurface</Filter>
    </ClCompile>
    <ClCompile Include="..\..\UnlimRealms\Core\Composite.cpp">
      <Filter>Core</Filter>
    </ClCompile>
    <ClCompile Include="..\..\UnlimRealms\Sys\JobSystem.cpp">
      <Filter>Sys</Filter>
    </ClCompile>
    <ClCompile Include="..\..\UnlimRealms\Sys\Std\StdJobSystem.cpp">
      <Filter>Sys\Std</Filter>
    </ClCompile>
    <ClCompile Include="..\..\UnlimRealms\Atmosphere\Atmosphere.cpp">
      <Filter>Atmosphere</Filter>
    </ClCompile>
    <ClCompile Include="..\..\UnlimRealms\Resources\Resources.cpp">
      <Filter>Resources</Filter>
    </ClCompile>
    <ClCompile Include="..\..\UnlimRealms\Multiverse\Multiverse.cpp">
      <Filter>Multiverse</Filter>
    </ClCompile>
    <ClCompile Include="..\..\UnlimRealms\HDRRender\HDRRender.cpp">
      <Filter>HDRRender</Filter>
    </ClCompile>
    <ClCompile Include="..\..\UnlimRealms\RenderGraph\RenderGraph.cpp">
      <Filter>RenderGraph</Filter>
    </ClCompile>
    <ClCompile Include="..\..\3rdParty\ResIL\src-IL\altivec_common.c">
      <Filter>3rdParty\ResIL\src-IL</Filter>
    </ClCompile>
    <ClCompile Include="..\..\3rdParty\ResIL\src-IL\altivec_typeconversion.c">
      <Filter>3rdParty\ResIL\src-IL</Filter>
    </ClCompile>
    <ClCompile Include="..\..\3rdParty\ResIL\src-IL\il_alloc.cpp">
      <Filter>3rdParty\ResIL\src-IL</Filter>
    </ClCompile>
    <ClCompile Include="..\..\3rdParty\ResIL\src-IL\il_api1.cpp">
      <Filter>3rdParty\ResIL\src-IL</Filter>
    </ClCompile>
    <ClCompile Include="..\..\3rdParty\ResIL\src-IL\il_bits.cpp">
      <Filter>3rdParty\ResIL\src-IL</Filter>
    </ClCompile>
    <ClCompile Include="..\..\3rdParty\ResIL\src-IL\il_blp.cpp">
      <Filter>3rdParty\ResIL\src-IL</Filter>
    </ClCompile>
    <ClCompile Include="..\..\3rdParty\ResIL\src-IL\il_bmp.cpp">
      <Filter>3rdParty\ResIL\src-IL</Filter>
    </ClCompile>
    <ClCompile Include="..\..\3rdParty\ResIL\src-IL\il_convbuff.cpp">
      <Filter>3rdParty\ResIL\src-IL</Filter>
    </ClCompile>
    <ClCompile Include="..\..\3rdParty\ResIL\src-IL\il_convert.cpp">
      <Filter>3rdParty\ResIL\src-IL</Filter>
    </ClCompile>
    <ClCompile Include="..\..\3rdParty\ResIL\src-IL\il_cut.cpp">
      <Filter>3rdParty\ResIL\src-IL</Filter>
    </ClCompile>
    <ClCompile Include="..\..\3rdParty\ResIL\src-IL\il_dcx.cpp">
      <Filter>3rdParty\ResIL\src-IL</Filter>
    </ClCompile>
    <ClCompile Include="..\..\3rdParty\ResIL\src-IL\il_dds.cpp">
      <Filter>3rdParty\ResIL\src-IL</Filter>
    </ClCompile>
    <ClCompile Include="..\..\3rdParty\ResIL\src-IL\il_dds-save.cpp">
      <Filter>3rdParty\ResIL\src-IL</Filter>
    </ClCompile>
    <ClCompile Include="..\..\3rdParty\ResIL\src-IL\il_devil.cpp">
      <Filter>3rdParty\ResIL\src-IL</Filter>
    </ClCompile>
    <ClCompile Include="..\..\3rdParty\ResIL\src-IL\il_dicom.cpp">
      <Filter>3rdParty\ResIL\src-IL</Filter>
    </ClCompile>
    <ClCompile Include="..\..\3rdParty\ResIL\src-IL\il_doom.cpp">
      <Filter>3rdParty\ResIL\src-IL</Filter>
    </ClCompile>
    <ClCompile Include="..\..\3rdParty\ResIL\src-IL\il_dpx.cpp">
      <Filter>3rdParty\ResIL\src-IL</Filter>
    </ClCompile>
    <ClCompile Include="..\..\3rdParty\ResIL\src-IL\il_endian.cpp">
      <Filter>3rdParty\ResIL\src-IL</Filter>
    </ClCompile>
    <ClCompile Include="..\..\3rdParty\ResIL\src-IL\il_error.cpp">
      <Filter>3rdParty\ResIL\src-IL</Filter>
    </ClCompile>
    <ClCompile Include="..\..\3rdParty\ResIL\src-IL\il_exr.cpp">
      <Filter>3rdParty\ResIL\src-IL</Filter>
    </ClCompile>
    <ClCompile Include="..\..\3rdParty\ResIL\src-IL\il_fastconv.cpp">
      <Filter>3rdParty\ResIL\src-IL</Filter>
    </ClCompile>
    <ClCompile Include="..\..\3rdParty\ResIL\src-IL\il_files.cpp">
      <Filter>3rdParty\ResIL\src-IL</Filter>
    </ClCompile>
    <ClCompile Include="..\..\3rdParty\ResIL\src-IL\il_fits.cpp">
      <Filter>3rdParty\ResIL\src-IL</Filter>
    </ClCompile>
    <ClCompile Include="..\..\3rdParty\ResIL\src-IL\il_ftx.cpp">
      <Filter>3rdParty\ResIL\src-IL</Filter>
    </ClCompile>
    <ClCompile Include="..\..\3rdParty\ResIL\src-IL\il_gif.cpp">
      <Filter>3rdParty\ResIL\src-IL</Filter>
    </ClCompile>
    <ClCompile Include="..\..\3rdParty\ResIL\src-IL\il_hdr.cpp">
      <Filter>3rdParty\ResIL\src-IL</Filter>
    </ClCompile>
    <ClCompile Include="..\..\3rdParty\ResIL\src-IL\il_header.cpp">
      <Filter>3rdParty\ResIL\src-IL</Filter>
    </ClCompile>
    <ClCompile Include="..\..\3rdParty\ResIL\src-IL\il_icns.cpp">
      <Filter>3rdParty\ResIL\src-IL</Filter>
    </ClCompile>
    <ClCompile Include="..\..\3rdParty\ResIL\src-IL\il_icon.cpp">
      <Filter>3rdParty\ResIL\src-IL</Filter>
    </ClCompile>
    <ClCompile Include="..\..\3rdParty\ResIL\src-IL\il_iff.cpp">
      <Filter>3rdParty\ResIL\src-IL</Filter>
    </ClCompile>
    <ClCompile Include="..\..\3rdParty\ResIL\src-IL\il_ilbm.cpp">
      <Filter>3rdParty\ResIL\src-IL</Filter>
    </ClCompile>
    <ClCompile Include="..\..\3rdParty\ResIL\src-IL\il_internal.cpp">
      <Filter>3rdParty\ResIL\src-IL</Filter>
    </ClCompile>
    <ClCompile Include="..\..\3rdParty\ResIL\src-IL\il_io.cpp">
      <Filter>3rdParty\ResIL\src-IL</Filter>
    </ClCompile>
    <ClCompile Include="..\..\3rdParty\ResIL\src-IL\il_iwi.cpp">
      <Filter>3rdParty\ResIL\src-IL</Filter>
    </ClCompile>
    <ClCompile Include="..\..\3rdParty\ResIL\src-IL\il_jp2.cpp">
      <Filter>3rdParty\ResIL\src-IL</Filter>
    </ClCompile>
    <ClCompile Include="..\..\3rdParty\ResIL\src-IL\il_jpeg.cpp">
      <Filter>3rdParty\ResIL\src-IL</Filter>
    </ClCompile>
    <ClCompile Include="..\..\3rdParty\ResIL\src-IL\il_lif.cpp">
      <Filter>3rdParty\ResIL\src-IL</Filter>
    </ClCompile>
    <ClCompile Include="..\..\3rdParty\ResIL\src-IL\il_main.cpp">
      <Filter>3rdParty\ResIL\src-IL</Filter>
    </ClCompile>
    <ClCompile Include="..\..\3rdParty\ResIL\src-IL\il_manip.cpp">
      <Filter>3rdParty\ResIL\src-IL</Filter>
    </ClCompile>
    <ClCompile Include="..\..\3rdParty\ResIL\src-IL\il_mdl.cpp">
      <Filter>3rdParty\ResIL\src-IL</Filter>
    </ClCompile>
    <ClCompile Include="..\..\3rdParty\ResIL\src-IL\il_mng.cpp">
      <Filter>3rdParty\ResIL\src-IL</Filter>
    </ClCompile>
    <ClCompile Include="..\..\3rdParty\ResIL\src-IL\il_mp3.cpp">
      <Filter>3rdParty\ResIL\src-IL</Filter>
    </ClCompile>
    <ClCompile Include="..\..\3rdParty\ResIL\src-IL\il_neuquant.cpp">
      <Filter>3rdParty\ResIL\src-IL</Filter>
    </ClCompile>
    <ClCompile Include="..\..\3rdParty\ResIL\src-IL\il_nvidia.cpp">
      <Filter>3rdParty\ResIL\src-IL</Filter>
    </ClCompile>
    <ClCompile Include="..\..\3rdParty\ResIL\src-IL\il_palette.cpp">
      <Filter>3rdParty\ResIL\src-IL</Filter>
    </ClCompile>
    <ClCompile Include="..\..\3rdParty\ResIL\src-IL\il_pcd.cpp">
      <Filter>3rdParty\ResIL\src-IL</Filter>
    </ClCompile>
    <ClCompile Include="..\..\3rdParty\ResIL\src-IL\il_pcx.cpp">
      <Filter>3rdParty\ResIL\src-IL</Filter>
    </ClCompile>
    <ClCompile Include="..\..\3rdParty\ResIL\src-IL\il_pic.cpp">
      <Filter>3rdParty\ResIL\src-IL</Filter>
    </ClCompile>
    <ClCompile Include="..\..\3rdParty\ResIL\src-IL\il_pix.cpp">
      <Filter>3rdParty\ResIL\src-IL</Filter>
    </ClCompile>
    <ClCompile Include="..\..\3rdParty\ResIL\src-IL\il_png.cpp">
      <Filter>3rdParty\ResIL\src-IL</Filter>
    </ClCompile>
    <ClCompile Include="..\..\3rdParty\ResIL\src-IL\il_pnm.cpp">
      <Filter>3rdParty\ResIL\src-IL</Filter>
    </ClCompile>
    <ClCompile Include="..\..\3rdParty\ResIL\src-IL\il_profiles.cpp">
      <Filter>3rdParty\ResIL\src-IL</Filter>
    </ClCompile>
    <ClCompile Include="..\..\3rdParty\ResIL\src-IL\il_psd.cpp">
      <Filter>3rdParty\ResIL\src-IL</Filter>
    </ClCompile>
    <ClCompile Include="..\..\3rdParty\ResIL\src-IL\il_psp.cpp">
      <Filter>3rdParty\ResIL\src-IL</Filter>
    </ClCompile>
    <ClCompile Include="..\..\3rdParty\ResIL\src-IL\il_pxr.cpp">
      <Filter>3rdParty\ResIL\src-IL</Filter>
    </ClCompile>
    <ClCompile Include="..\..\3rdParty\ResIL\src-IL\il_quantizer.cpp">
      <Filter>3rdParty\ResIL\src-IL</Filter>
    </ClCompile>
    <ClCompile Include="..\..\3rdParty\ResIL\src-IL\il_raw.cpp">
      <Filter>3rdParty\ResIL\src-IL</Filter>
    </ClCompile>
    <ClCompile Include="..\..\3rdParty\ResIL\src-IL\il_rawdata.cpp">
      <Filter>3rdParty\ResIL\src-IL</Filter>
    </ClCompile>
    <ClCompile Include="..\..\3rdParty\ResIL\src-IL\il_register.cpp">
      <Filter>3rdParty\ResIL\src-IL</Filter>
    </ClCompile>
    <ClCompile Include="..\..\3rdParty\ResIL\src-IL\il_rle.cpp">
      <Filter>3rdParty\ResIL\src-IL</Filter>
    </ClCompile>
    <ClCompile Include="..\..\3rdParty\ResIL\src-IL\il_rot.cpp">
      <Filter>3rdParty\ResIL\src-IL</Filter>
    </ClCompile>
    <ClCompile Include="..\..\3rdParty\ResIL\src-IL\il_sgi.cpp">
      <Filter>3rdParty\ResIL\src-IL</Filter>
    </ClCompile>
    <ClCompile Include="..\..\3rdParty\ResIL\src-IL\il_size.cpp">
      <Filter>3rdParty\ResIL\src-IL</Filter>
    </ClCompile>
    <ClCompile Include="..\..\3rdParty\ResIL\src-IL\il_squish.cpp">
      <Filter>3rdParty\ResIL\src-IL</Filter>
    </ClCompile>
    <ClCompile Include="..\..\3rdParty\ResIL\src-IL\il_stack.cpp">
      <Filter>3rdParty\ResIL\src-IL</Filter>
    </ClCompile>
    <ClCompile Include="..\..\3rdParty\ResIL\src-IL\il_states.cpp">
      <Filter>3rdParty\ResIL\src-IL</Filter>
    </ClCompile>
    <ClCompile Include="..\..\3rdParty\ResIL\src-IL\il_sun.cpp">
      <Filter>3rdParty\ResIL\src-IL</Filter>
    </ClCompile>
    <ClCompile Include="..\..\3rdParty\ResIL\src-IL\il_targa.cpp">
      <Filter>3rdParty\ResIL\src-IL</Filter>
    </ClCompile>
    <ClCompile Include="..\..\3rdParty\ResIL\src-IL\il_texture.cpp">
      <Filter>3rdParty\ResIL\src-IL</Filter>
    </ClCompile>
    <ClCompile Include="..\..\3rdParty\ResIL\src-IL\il_tiff.cpp">
      <Filter>3rdParty\ResIL\src-IL</Filter>
    </ClCompile>
    <ClCompile Include="..\..\3rdParty\ResIL\src-IL\il_tpl.cpp">
      <Filter>3rdParty\ResIL\src-IL</Filter>
    </ClCompile>
    <ClCompile Include="..\..\3rdParty\ResIL\src-IL\il_utility.cpp">
      <Filter>3rdParty\ResIL\src-IL</Filter>
    </ClCompile>
    <ClCompile Include="..\..\3rdParty\ResIL\src-IL\il_utx.cpp">
      <Filter>3rdParty\ResIL\src-IL</Filter>
    </ClCompile>
    <ClCompile Include="..\..\3rdParty\ResIL\src-IL\il_vtf.cpp">
      <Filter>3rdParty\ResIL\src-IL</Filter>
    </ClCompile>
    <ClCompile Include="..\..\3rdParty\ResIL\src-IL\il_wal.cpp">
      <Filter>3rdParty\ResIL\src-IL</Filter>
    </ClCompile>
    <ClCompile Include="..\..\3rdParty\ResIL\src-IL\il_wbmp.cpp">
      <Filter>3rdParty\ResIL\src-IL</Filter>
    </ClCompile>
    <ClCompile Include="..\..\3rdParty\ResIL\src-IL\il_wdp.cpp">
      <Filter>3rdParty\ResIL\src-IL</Filter>
    </ClCompile>
    <ClCompile Include="..\..\3rdParty\ResIL\src-IL\il_xpm.cpp">
      <Filter>3rdParty\ResIL\src-IL</Filter>
    </ClCompile>
    <ClCompile Include="..\..\UnlimRealms\Resources\Resources_ResIL.cpp">
      <Filter>Resources</Filter>
    </ClCompile>
    <ClCompile Include="..\..\UnlimRealms\Terrain\Terrain.cpp">
      <Filter>Terrain</Filter>
    </ClCompile>
    <ClCompile Include="..\..\UnlimRealms\Gfx\D3D12\GfxSystemD3D12.cpp">
      <Filter>Gfx\D3D12</Filter>
    </ClCompile>
    <ClCompile Include="..\..\UnlimRealms\Gfx\DXGIUtils\DXGIUtils.cpp">
      <Filter>Gfx\DXGIUtils</Filter>
    </ClCompile>
    <ClCompile Include="..\..\UnlimRealms\Core\Memory.cpp">
      <Filter>Core</Filter>
    </ClCompile>
    <ClCompile Include="..\..\UnlimRealms\Graf\GrafSystem.cpp">
      <Filter>Graf</Filter>
    </ClCompile>
    <ClCompile Include="..\..\UnlimRealms\Graf\Vulkan\GrafSystemVulkan.cpp">
      <Filter>Graf\Vulkan</Filter>
    </ClCompile>
    <ClCompile Include="..\..\UnlimRealms\Graf\GrafRenderer.cpp">
      <Filter>Graf</Filter>
    </ClCompile>
    <ClCompile Include="..\..\UnlimRealms\Graf\DX12\GrafSystemDX12.cpp">
      <Filter>Graf\DX12</Filter>
    </ClCompile>
    <ClCompile Include="..\..\3rdParty\imgui\imgui.cpp">
      <Filter>3rdParty\Imgui</Filter>
    </ClCompile>
    <ClCompile Include="..\..\3rdParty\imgui\imgui_demo.cpp">
      <Filter>3rdParty\Imgui</Filter>
    </ClCompile>
    <ClCompile Include="..\..\3rdParty\imgui\imgui_draw.cpp">
      <Filter>3rdParty\Imgui</Filter>
    </ClCompile>
    <ClCompile Include="..\..\3rdParty\imgui\imgui_tables.cpp">
      <Filter>3rdParty\Imgui</Filter>
    </ClCompile>
    <ClCompile Include="..\..\3rdParty\imgui\imgui_widgets.cpp">
      <Filter>3rdParty\Imgui</Filter>
    </ClCompile>
  </ItemGroup>
  <ItemGroup>
    <Filter Include="Core">
      <UniqueIdentifier>{4bd61845-787c-49d9-a635-0bd2553ff13d}</UniqueIdentifier>
    </Filter>
    <Filter Include="Gfx">
      <UniqueIdentifier>{95b3f0bb-3a4c-4f8f-82e1-e883bc21dbb0}</UniqueIdentifier>
    </Filter>
    <Filter Include="Realm">
      <UniqueIdentifier>{f20177aa-e69e-4071-8867-914ffd24b632}</UniqueIdentifier>
    </Filter>
    <Filter Include="Gfx\D3D11">
      <UniqueIdentifier>{e2c92149-5c1c-42aa-ac3f-e4327ae46ebb}</UniqueIdentifier>
    </Filter>
    <Filter Include="Sys">
      <UniqueIdentifier>{aef693cf-8a07-4b7c-81d9-62406c65b666}</UniqueIdentifier>
    </Filter>
    <Filter Include="Sys\Windows">
      <UniqueIdentifier>{ec68098c-61c9-4f81-b003-e0de230b26ca}</UniqueIdentifier>
    </Filter>
    <Filter Include="Sys\Std">
      <UniqueIdentifier>{dc65d448-242a-4191-a0ef-1882988eb5fd}</UniqueIdentifier>
    </Filter>
    <Filter Include="ImguiRender">
      <UniqueIdentifier>{bc8d4244-91e9-4897-9f1e-3d806d7e6053}</UniqueIdentifier>
    </Filter>
    <Filter Include="GenericRender">
      <UniqueIdentifier>{23f7705b-23b4-48d3-84b8-59c9a87ca6bc}</UniqueIdentifier>
    </Filter>
    <Filter Include="Camera">
      <UniqueIdentifier>{0412afb3-b9a4-48ce-a105-39d9d9f287ea}</UniqueIdentifier>
    </Filter>
    <Filter Include="Atmosphere">
      <UniqueIdentifier>{190ae49e-a97b-4f8c-b3bd-440a7dbd7634}</UniqueIdentifier>
    </Filter>
    <Filter Include="Resources">
      <UniqueIdentifier>{4afdf8df-8b00-4dc7-b9b9-281c86c3d4b0}</UniqueIdentifier>
    </Filter>
    <Filter Include="Multiverse">
      <UniqueIdentifier>{2ddd94e3-bd52-49c4-b6ca-28d3ae13be85}</UniqueIdentifier>
    </Filter>
    <Filter Include="HDRRender">
      <UniqueIdentifier>{ebc3c85d-b650-493a-b098-6e95fa152f73}</UniqueIdentifier>
    </Filter>
    <Filter Include="RenderGraph">
      <UniqueIdentifier>{666b6d61-9ec2-473b-8ba4-f7087c4fe901}</UniqueIdentifier>
    </Filter>
    <Filter Include="ShaderLib">
      <UniqueIdentifier>{3f5fd6d0-25cb-4925-b205-e25b55bbecf5}</UniqueIdentifier>
    </Filter>
    <Filter Include="3rdParty">
      <UniqueIdentifier>{2cf467c3-c249-47ec-8d53-bab9659f2479}</UniqueIdentifier>
    </Filter>
    <Filter Include="3rdParty\Imgui">
      <UniqueIdentifier>{48cda07e-62a2-4e84-bc77-ad99e46bf74f}</UniqueIdentifier>
    </Filter>
    <Filter Include="3rdParty\ResIL">
      <UniqueIdentifier>{577d33cb-cfd0-458c-8279-9885afe7798c}</UniqueIdentifier>
    </Filter>
    <Filter Include="3rdParty\ResIL\src-IL">
      <UniqueIdentifier>{25aabbc0-2fc2-4412-afc4-c831029a864b}</UniqueIdentifier>
    </Filter>
    <Filter Include="3rdParty\ResIL\include">
      <UniqueIdentifier>{2deb5076-c8ba-4e8d-abc5-c1fd7525894a}</UniqueIdentifier>
    </Filter>
    <Filter Include="3rdParty\ResIL\include\IL">
      <UniqueIdentifier>{a48ae7e6-6288-422a-834e-8d77f21ae85e}</UniqueIdentifier>
    </Filter>
    <Filter Include="Isosurface">
      <UniqueIdentifier>{055a3b5c-0852-413b-abb4-e13ce7500490}</UniqueIdentifier>
    </Filter>
    <Filter Include="Terrain">
      <UniqueIdentifier>{5cfe85cb-64fd-401a-8801-9e67b395ec25}</UniqueIdentifier>
    </Filter>
    <Filter Include="Gfx\D3D12">
      <UniqueIdentifier>{5e4d8931-ec46-4a9d-a2c0-5f8c46e08009}</UniqueIdentifier>
    </Filter>
    <Filter Include="Gfx\DXGIUtils">
      <UniqueIdentifier>{a7f7a6da-22b4-4fbf-8e11-7fbf22bc0ee8}</UniqueIdentifier>
    </Filter>
    <Filter Include="Graf">
      <UniqueIdentifier>{38f216c8-fe8b-4229-ae0e-a310bad937be}</UniqueIdentifier>
    </Filter>
    <Filter Include="Graf\Vulkan">
      <UniqueIdentifier>{b997b7e5-03d4-486e-976b-cd917e550a6f}</UniqueIdentifier>
    </Filter>
    <Filter Include="3rdParty\VulkanMemoryAllocator">
      <UniqueIdentifier>{39c5ecb3-0375-4fe3-84cc-b10897eb37c5}</UniqueIdentifier>
    </Filter>
    <Filter Include="3rdParty\TinyObjLoader">
      <UniqueIdentifier>{a1e2dd6b-336e-4adf-8187-c50c4ed725cb}</UniqueIdentifier>
    </Filter>
    <Filter Include="Graf\DX12">
      <UniqueIdentifier>{647b6f4b-d875-460e-9528-406600958b57}</UniqueIdentifier>
    </Filter>
  </ItemGroup>
  <ItemGroup>
    <FxCompile Include="..\..\UnlimRealms\ImguiRender\Imgui_ps.hlsl">
      <Filter>ImguiRender</Filter>
    </FxCompile>
    <FxCompile Include="..\..\UnlimRealms\ImguiRender\Imgui_vs.hlsl">
      <Filter>ImguiRender</Filter>
    </FxCompile>
    <FxCompile Include="..\..\UnlimRealms\GenericRender\Generic_ps.hlsl">
      <Filter>GenericRender</Filter>
    </FxCompile>
    <FxCompile Include="..\..\UnlimRealms\GenericRender\Generic_vs.hlsl">
      <Filter>GenericRender</Filter>
    </FxCompile>
    <FxCompile Include="..\..\UnlimRealms\Isosurface\Isosurface_ps.hlsl">
      <Filter>Isosurface</Filter>
    </FxCompile>
    <FxCompile Include="..\..\UnlimRealms\Isosurface\Isosurface_vs.hlsl">
      <Filter>Isosurface</Filter>
    </FxCompile>
    <FxCompile Include="..\..\UnlimRealms\Isosurface\IsosurfaceDbg_ps.hlsl">
      <Filter>Isosurface</Filter>
    </FxCompile>
    <FxCompile Include="..\..\UnlimRealms\Atmosphere\Atmosphere_vs.hlsl">
      <Filter>Atmosphere</Filter>
    </FxCompile>
    <FxCompile Include="..\..\UnlimRealms\Atmosphere\Atmosphere_ps.hlsl">
      <Filter>Atmosphere</Filter>
    </FxCompile>
    <FxCompile Include="..\..\UnlimRealms\HDRRender\AverageLuminance_ps.hlsl">
      <Filter>HDRRender</Filter>
    </FxCompile>
    <FxCompile Include="..\..\UnlimRealms\HDRRender\ToneMapping_ps.hlsl">
      <Filter>HDRRender</Filter>
    </FxCompile>
    <FxCompile Include="..\..\UnlimRealms\HDRRender\HDRTargetLuminance_ps.hlsl">
      <Filter>HDRRender</Filter>
    </FxCompile>
    <FxCompile Include="..\..\UnlimRealms\HDRRender\BloomLuminance_ps.hlsl">
      <Filter>HDRRender</Filter>
    </FxCompile>
    <FxCompile Include="..\..\UnlimRealms\HDRRender\Blur_ps.hlsl">
      <Filter>HDRRender</Filter>
    </FxCompile>
    <FxCompile Include="..\..\UnlimRealms\Atmosphere\LightShafts_ps.hlsl">
      <Filter>Atmosphere</Filter>
    </FxCompile>
    <FxCompile Include="..\..\UnlimRealms\Terrain\Terrain_vs.hlsl">
      <Filter>Terrain</Filter>
    </FxCompile>
    <FxCompile Include="..\..\UnlimRealms\Terrain\Terrain_ps.hlsl">
      <Filter>Terrain</Filter>
    </FxCompile>
    <FxCompile Include="..\..\UnlimRealms\GenericRender\FullScreenQuad_vs.hlsl">
      <Filter>GenericRender</Filter>
    </FxCompile>
  </ItemGroup>
  <ItemGroup>
    <None Include="..\..\UnlimRealms\Isosurface\Isosurface.hlsli">
      <Filter>Isosurface</Filter>
    </None>
    <None Include="..\..\UnlimRealms\Atmosphere\Atmosphere.hlsli">
      <Filter>Atmosphere</Filter>
    </None>
    <None Include="..\..\UnlimRealms\Atmosphere\AtmosphericScattering.hlsli">
      <Filter>Atmosphere</Filter>
    </None>
    <None Include="..\..\UnlimRealms\HDRRender\HDRRender.hlsli">
      <Filter>HDRRender</Filter>
    </None>
    <None Include="..\..\UnlimRealms\ShaderLib\LogDepth.hlsli">
      <Filter>ShaderLib</Filter>
    </None>
    <None Include="..\..\3rdParty\ResIL\src-IL\il_tiff.c.old">
      <Filter>3rdParty\ResIL\src-IL</Filter>
    </None>
    <None Include="..\..\UnlimRealms\ShaderLib\Math.hlsli">
      <Filter>ShaderLib</Filter>
    </None>
    <None Include="..\..\UnlimRealms\GenericRender\Generic.hlsli">
      <Filter>GenericRender</Filter>
    </None>
    <None Include="..\..\UnlimRealms\Terrain\Terrain.hlsli">
      <Filter>Terrain</Filter>
    </None>
    <None Include="..\..\UnlimRealms\ShaderLib\CommonTypes.hlsli">
      <Filter>ShaderLib</Filter>
    </None>
    <None Include="..\..\UnlimRealms\ShaderLib\LightingCommon.hlsli">
      <Filter>ShaderLib</Filter>
    </None>
    <None Include="..\..\UnlimRealms\ShaderLib\Lighting.hlsli">
      <Filter>ShaderLib</Filter>
    </None>
    <None Include="..\..\UnlimRealms\Atmosphere\AtmosphereCommon.hlsli">
      <Filter>Atmosphere</Filter>
    </None>
  </ItemGroup>
</Project>