<?xml version="1.0" encoding="utf-8"?>
<Project ToolsVersion="4.0" xmlns="http://schemas.microsoft.com/developer/msbuild/2003">
  <ItemGroup>
    <Filter Include="Source Files">
      <UniqueIdentifier>{4FC737F1-C7A5-4376-A066-2A32D752A2FF}</UniqueIdentifier>
      <Extensions>cpp;c;cc;cxx;def;odl;idl;hpj;bat;asm;asmx</Extensions>
    </Filter>
    <Filter Include="Resource Files">
      <UniqueIdentifier>{67DA6AB6-F800-4c08-8B7A-83BB121AAD01}</UniqueIdentifier>
      <Extensions>rc;ico;cur;bmp;dlg;rc2;rct;bin;rgs;gif;jpg;jpeg;jpe;resx;tiff;tif;png;wav;mfcribbon-ms</Extensions>
    </Filter>
    <Filter Include="HybridRenderingApp">
      <UniqueIdentifier>{b770da4e-db22-42a3-81f3-2d4c40b07404}</UniqueIdentifier>
    </Filter>
    <Filter Include="RayTracingSandboxApp">
      <UniqueIdentifier>{cfe81b8f-1b31-45b8-a8c1-87d7a33482c5}</UniqueIdentifier>
    </Filter>
    <Filter Include="VoxelPlanetApp">
      <UniqueIdentifier>{baaa198a-a366-4bd5-be3f-e310fb714328}</UniqueIdentifier>
    </Filter>
    <Filter Include="VulkanSandboxApp">
      <UniqueIdentifier>{3dfde923-8971-4d11-b339-15297a30f842}</UniqueIdentifier>
    </Filter>
    <Filter Include="D3D12SandboxApp">
      <UniqueIdentifier>{1b8a2bc8-b535-4649-8763-57206b584016}</UniqueIdentifier>
    </Filter>
    <Filter Include="GPUWorkGraphsRealm">
      <UniqueIdentifier>{8deaee54-2f55-4983-bfa1-7a9dd88c5d14}</UniqueIdentifier>
    </Filter>
  </ItemGroup>
  <ItemGroup>
    <ClInclude Include="HybridRenderingApp.h">
      <Filter>HybridRenderingApp</Filter>
    </ClInclude>
    <ClInclude Include="RayTracingSandboxApp.h">
      <Filter>RayTracingSandboxApp</Filter>
    </ClInclude>
    <ClInclude Include="Demo.h">
      <Filter>Source Files</Filter>
    </ClInclude>
    <ClInclude Include="Resource.h">
      <Filter>Source Files</Filter>
    </ClInclude>
    <ClInclude Include="stdafx.h">
      <Filter>Source Files</Filter>
    </ClInclude>
    <ClInclude Include="targetver.h">
      <Filter>Source Files</Filter>
    </ClInclude>
    <ClInclude Include="VoxelPlanetApp.h">
      <Filter>VoxelPlanetApp</Filter>
    </ClInclude>
    <ClInclude Include="D3D12SandboxApp.h">
      <Filter>D3D12SandboxApp</Filter>
    </ClInclude>
    <ClInclude Include="VulkanSandboxApp.h">
      <Filter>VulkanSandboxApp</Filter>
    </ClInclude>
    <ClInclude Include="HybridRenderingCommon.h">
      <Filter>HybridRenderingApp</Filter>
    </ClInclude>
    <ClInclude Include="GPUWorkGraphsRealm.h">
      <Filter>GPUWorkGraphsRealm</Filter>
    </ClInclude>
    <ClInclude Include="GPUWorkGraphsCommon.h">
      <Filter>GPUWorkGraphsRealm</Filter>
    </ClInclude>
  </ItemGroup>
  <ItemGroup>
    <ClCompile Include="stdafx.cpp">
      <Filter>Source Files</Filter>
    </ClCompile>
    <ClCompile Include="Demo.cpp">
      <Filter>Source Files</Filter>
    </ClCompile>
    <ClCompile Include="HybridRenderingApp.cpp">
      <Filter>HybridRenderingApp</Filter>
    </ClCompile>
    <ClCompile Include="RayTracingSandboxApp.cpp">
      <Filter>RayTracingSandboxApp</Filter>
    </ClCompile>
    <ClCompile Include="VoxelPlanetApp.cpp">
      <Filter>VoxelPlanetApp</Filter>
    </ClCompile>
    <ClCompile Include="D3D12SandboxApp.cpp">
      <Filter>D3D12SandboxApp</Filter>
    </ClCompile>
    <ClCompile Include="VulkanSandboxApp.cpp">
      <Filter>VulkanSandboxApp</Filter>
    </ClCompile>
    <ClCompile Include="GPUWorkGraphsRealm.cpp">
      <Filter>GPUWorkGraphsRealm</Filter>
    </ClCompile>
  </ItemGroup>
  <ItemGroup>
    <ResourceCompile Include="Demo.rc">
      <Filter>Resource Files</Filter>
    </ResourceCompile>
  </ItemGroup>
  <ItemGroup>
    <Image Include="small.ico">
      <Filter>Resource Files</Filter>
    </Image>
    <Image Include="Demo.ico">
      <Filter>Resource Files</Filter>
    </Image>
  </ItemGroup>
  <ItemGroup>
    <None Include="HybridRendering.hlsli">
      <Filter>HybridRenderingApp</Filter>
    </None>
    <None Include="HybridRenderingCommon.hlsli">
      <Filter>HybridRenderingApp</Filter>
    </None>
    <None Include="HybridRendering_ps.hlsl">
      <Filter>HybridRenderingApp</Filter>
    </None>
    <None Include="GPUWorkGraphs_cs_lib.hlsl">
      <Filter>GPUWorkGraphsRealm</Filter>
    </None>
    <None Include="HybridRendering_cs_lib.hlsl">
      <Filter>HybridRenderingApp</Filter>
    </None>
    <None Include="HybridRendering_rt_lib.hlsl">
      <Filter>HybridRenderingApp</Filter>
    </None>
    <None Include="HybridRendering_vs.hlsl">
      <Filter>HybridRenderingApp</Filter>
    </None>
    <None Include="sample_raytracing_lib.hlsl">
      <Filter>RayTracingSandboxApp</Filter>
    </None>
    <None Include="sample_ps.hlsl">
      <Filter>Source Files</Filter>
    </None>
    <None Include="sample_vs.hlsl">
      <Filter>Source Files</Filter>
    </None>
    <None Include="..\..\..\Utils\CompileShadersDemo.bat" />
    <None Include="GPUWorkGraphsCommon.hlsli">
      <Filter>GPUWorkGraphsRealm</Filter>
    </None>
    <None Include="ProceduralGenerationGraph.hlsli">
      <Filter>GPUWorkGraphsRealm</Filter>
    </None>
    <None Include="ProceduralGenerationGraph.h">
      <Filter>GPUWorkGraphsRealm</Filter>
    </None>
    <None Include="ProceduralGenerationGraph_lib.hlsl">
      <Filter>GPUWorkGraphsRealm</Filter>
    </None>
  </ItemGroup>
</Project>